schema: '2.0'
stages:
  data_ingestion:
    cmd: python src/data_ingestion.py
    deps:
    - path: src/data_ingestion.py
      hash: md5
      md5: 3bbac7c82560873967b36eb9a8a9a1a8
      size: 3672
    outs:
    - path: data/raw
      hash: md5
      md5: 3b3cf3a9ca588cc150553eee569b3fe3.dir
      size: 484846
      nfiles: 2
  data_preprocessing:
    cmd: python src/data_preprocessing.py
    deps:
    - path: data/raw
      hash: md5
      md5: 3b3cf3a9ca588cc150553eee569b3fe3.dir
      size: 484846
      nfiles: 2
    - path: src/data_preprocessing.py
      hash: md5
      md5: de77fb468d12de56b7be36ec6198ed7a
      size: 4069
    outs:
    - path: data/interim
      hash: md5
      md5: 4c92fcf17252a8fdd01a70e2e6b7e57f.dir
      size: 261909
      nfiles: 2
  feature_engineering:
    cmd: python src/feature_engineering.py
    deps:
    - path: data/interim
      hash: md5
      md5: 4c92fcf17252a8fdd01a70e2e6b7e57f.dir
      size: 261909
      nfiles: 2
    - path: src/feature_engineering.py
      hash: md5
      md5: 8befd08b27c574359107f8dd802ff2d3
      size: 3204
    outs:
    - path: data/processed
      hash: md5
      md5: 338bd8a3568764ca1f20ba8967db07ef.dir
      size: 1186346
      nfiles: 2
  model_building:
    cmd: python src/model_building.py
    deps:
    - path: data/processed
      hash: md5
      md5: 338bd8a3568764ca1f20ba8967db07ef.dir
      size: 1186346
      nfiles: 2
    - path: src/model_building.py
      hash: md5
      md5: c2242285cdca86eab8ed9dcd8abe9086
      size: 3837
    outs:
    - path: models/model.pkl
      hash: md5
      md5: 2123be36be965b4192052546c2d59ca5
      size: 1051895
  model_evaluation:
    cmd: python src/model_evaluation.py
    deps:
    - path: models/model.pkl
      hash: md5
      md5: 2123be36be965b4192052546c2d59ca5
      size: 1051895
    - path: src/model_evaluation.py
      hash: md5
      md5: c250d56e452c05b573d9e1cc03b6e091
      size: 3629
    outs:
    - path: reports/metrics.json
      hash: md5
      md5: 7507a977cfc7cfcc3ab159b6775886ae
      size: 145
