schema: '2.0'
stages:
  data_ingestion:
    cmd: python src/data_ingestion.py
    deps:
    - path: src/data_ingestion.py
      hash: md5
      md5: a2e71594016660b76429d3189175fa76
      size: 3640
    params:
      params.yaml:
        data_ingestion.test_size: 0.15
    outs:
    - path: data/raw
      hash: md5
      md5: e0ca0360b13b8deedbf58bd1670a9a90.dir
      size: 484846
      nfiles: 2
  data_preprocessing:
    cmd: python src/data_preprocessing.py
    deps:
    - path: data/raw
      hash: md5
      md5: e0ca0360b13b8deedbf58bd1670a9a90.dir
      size: 484846
      nfiles: 2
    - path: src/data_preprocessing.py
      hash: md5
      md5: de77fb468d12de56b7be36ec6198ed7a
      size: 4069
    outs:
    - path: data/interim
      hash: md5
      md5: ecbb5444bc1b05a3b554ca0e1610040f.dir
      size: 260945
      nfiles: 2
  feature_engineering:
    cmd: python src/feature_engineering.py
    deps:
    - path: data/interim
      hash: md5
      md5: ecbb5444bc1b05a3b554ca0e1610040f.dir
      size: 260945
      nfiles: 2
    - path: src/feature_engineering.py
      hash: md5
      md5: 80b1f0dfba78c489d0d68474d750c9ca
      size: 3912
    params:
      params.yaml:
        feature_engineering.max_features: 45
    outs:
    - path: data/processed
      hash: md5
      md5: 781a41473657a739e6abfffa014e09f4.dir
      size: 1067290
      nfiles: 2
  model_building:
    cmd: python src/model_building.py
    deps:
    - path: data/processed
      hash: md5
      md5: 781a41473657a739e6abfffa014e09f4.dir
      size: 1067290
      nfiles: 2
    - path: src/model_building.py
      hash: md5
      md5: be2546d3dfcb22f59ada4b247c7ec9ec
      size: 4590
    params:
      params.yaml:
        model_building.n_estimators: 20
        model_building.random_state: 45
    outs:
    - path: models/model.pkl
      hash: md5
      md5: e255aa6ec99bb35de89e8f5bbedc4053
      size: 804022
  model_evaluation:
    cmd: python src/model_evaluation.py
    deps:
    - path: models/model.pkl
      hash: md5
      md5: e255aa6ec99bb35de89e8f5bbedc4053
      size: 804022
    - path: src/model_evaluation.py
      hash: md5
      md5: c250d56e452c05b573d9e1cc03b6e091
      size: 3629
    outs:
    - path: reports/metrics.json
      hash: md5
      md5: cf7848bd6c2915dbc6d7d63cbcb029e5
      size: 144
